// !$*UTF8*$!
{
	archiveVersion = 1;
	classes = {
	};
	objectVersion = 77;
	objects = {

/* Begin PBXBuildFile section */
		1C7D3FE32E379CC300CEE348 /* ListingDetailView.swift in Sources */ = {isa = PBXBuildFile; fileRef = 1C7D3FE22E379CC200CEE348 /* ListingDetailView.swift */; };
		1C7D3FE52E37D5A500CEE348 /* Listing.swift in Sources */ = {isa = PBXBuildFile; fileRef = 1C7D3FE42E37D5A500CEE348 /* Listing.swift */; };
		1C7D3FE72E37E04100CEE348 /* DeveloperPreview.swift in Sources */ = {isa = PBXBuildFile; fileRef = 1C7D3FE62E37E04100CEE348 /* DeveloperPreview.swift */; };
		1C7D40542E394C1700CEE348 /* ExploreViewModel.swift in Sources */ = {isa = PBXBuildFile; fileRef = 1C7D40532E394C1700CEE348 /* ExploreViewModel.swift */; };
		1C7D40562E394D2200CEE348 /* ExploreService.swift in Sources */ = {isa = PBXBuildFile; fileRef = 1C7D40552E394D2100CEE348 /* ExploreService.swift */; };
		1C7D40582E3973A300CEE348 /* Regions.swift in Sources */ = {isa = PBXBuildFile; fileRef = 1C7D40572E3973A300CEE348 /* Regions.swift */; };
		1CE931272E36714200CDEB85 /* DestinationSearchView.swift in Sources */ = {isa = PBXBuildFile; fileRef = 1CE931262E36714200CDEB85 /* DestinationSearchView.swift */; };
		1CE9312B2E36DE4200CDEB85 /* ProfileView.swift in Sources */ = {isa = PBXBuildFile; fileRef = 1CE9312A2E36DE4200CDEB85 /* ProfileView.swift */; };
		1CE9312D2E36E83A00CDEB85 /* ProfileOptionRowView.swift in Sources */ = {isa = PBXBuildFile; fileRef = 1CE9312C2E36E83A00CDEB85 /* ProfileOptionRowView.swift */; };
		1CE9312F2E36E99400CDEB85 /* WishlistView.swift in Sources */ = {isa = PBXBuildFile; fileRef = 1CE9312E2E36E99400CDEB85 /* WishlistView.swift */; };
		1CE931312E36EBA900CDEB85 /* MainTabView.swift in Sources */ = {isa = PBXBuildFile; fileRef = 1CE931302E36EBA900CDEB85 /* MainTabView.swift */; };
		1CFAE5042E346A2F00A0B9AE /* ExploreView.swift in Sources */ = {isa = PBXBuildFile; fileRef = 1CFAE5032E346A2F00A0B9AE /* ExploreView.swift */; };
		1CFAE5062E3473C500A0B9AE /* ListingItemView.swift in Sources */ = {isa = PBXBuildFile; fileRef = 1CFAE5052E3473C500A0B9AE /* ListingItemView.swift */; };
		1CFAE5102E34A55700A0B9AE /* SearchAndFilterBar.swift in Sources */ = {isa = PBXBuildFile; fileRef = 1CFAE50F2E34A55600A0B9AE /* SearchAndFilterBar.swift */; };
		1CFAE5172E3501C700A0B9AE /* ListingImageCarouselView.swift in Sources */ = {isa = PBXBuildFile; fileRef = 1CFAE5162E3501C700A0B9AE /* ListingImageCarouselView.swift */; };
/* End PBXBuildFile section */

/* Begin PBXFileReference section */
		1C7D3FE22E379CC200CEE348 /* ListingDetailView.swift */ = {isa = PBXFileReference; lastKnownFileType = sourcecode.swift; path = ListingDetailView.swift; sourceTree = "<group>"; };
		1C7D3FE42E37D5A500CEE348 /* Listing.swift */ = {isa = PBXFileReference; lastKnownFileType = sourcecode.swift; path = Listing.swift; sourceTree = "<group>"; };
		1C7D3FE62E37E04100CEE348 /* DeveloperPreview.swift */ = {isa = PBXFileReference; lastKnownFileType = sourcecode.swift; path = DeveloperPreview.swift; sourceTree = "<group>"; };
		1C7D40532E394C1700CEE348 /* ExploreViewModel.swift */ = {isa = PBXFileReference; lastKnownFileType = sourcecode.swift; path = ExploreViewModel.swift; sourceTree = "<group>"; };
		1C7D40552E394D2100CEE348 /* ExploreService.swift */ = {isa = PBXFileReference; lastKnownFileType = sourcecode.swift; path = ExploreService.swift; sourceTree = "<group>"; };
		1C7D40572E3973A300CEE348 /* Regions.swift */ = {isa = PBXFileReference; lastKnownFileType = sourcecode.swift; path = Regions.swift; sourceTree = "<group>"; };
		1CE931262E36714200CDEB85 /* DestinationSearchView.swift */ = {isa = PBXFileReference; lastKnownFileType = sourcecode.swift; path = DestinationSearchView.swift; sourceTree = "<group>"; };
		1CE9312A2E36DE4200CDEB85 /* ProfileView.swift */ = {isa = PBXFileReference; lastKnownFileType = sourcecode.swift; path = ProfileView.swift; sourceTree = "<group>"; };
		1CE9312C2E36E83A00CDEB85 /* ProfileOptionRowView.swift */ = {isa = PBXFileReference; lastKnownFileType = sourcecode.swift; path = ProfileOptionRowView.swift; sourceTree = "<group>"; };
		1CE9312E2E36E99400CDEB85 /* WishlistView.swift */ = {isa = PBXFileReference; lastKnownFileType = sourcecode.swift; path = WishlistView.swift; sourceTree = "<group>"; };
		1CE931302E36EBA900CDEB85 /* MainTabView.swift */ = {isa = PBXFileReference; lastKnownFileType = sourcecode.swift; path = MainTabView.swift; sourceTree = "<group>"; };
		1CFAE4DE2E3465FF00A0B9AE /* AirbnbClone.app */ = {isa = PBXFileReference; explicitFileType = wrapper.application; includeInIndex = 0; path = AirbnbClone.app; sourceTree = BUILT_PRODUCTS_DIR; };
		1CFAE5032E346A2F00A0B9AE /* ExploreView.swift */ = {isa = PBXFileReference; lastKnownFileType = sourcecode.swift; path = ExploreView.swift; sourceTree = "<group>"; };
		1CFAE5052E3473C500A0B9AE /* ListingItemView.swift */ = {isa = PBXFileReference; lastKnownFileType = sourcecode.swift; path = ListingItemView.swift; sourceTree = "<group>"; };
		1CFAE50F2E34A55600A0B9AE /* SearchAndFilterBar.swift */ = {isa = PBXFileReference; lastKnownFileType = sourcecode.swift; path = SearchAndFilterBar.swift; sourceTree = "<group>"; };
		1CFAE5162E3501C700A0B9AE /* ListingImageCarouselView.swift */ = {isa = PBXFileReference; lastKnownFileType = sourcecode.swift; path = ListingImageCarouselView.swift; sourceTree = "<group>"; };
/* End PBXFileReference section */

/* Begin PBXFileSystemSynchronizedRootGroup section */
		1CFAE4E02E3465FF00A0B9AE /* AirbnbClone */ = {
			isa = PBXFileSystemSynchronizedRootGroup;
			path = AirbnbClone;
			sourceTree = "<group>";
		};
/* End PBXFileSystemSynchronizedRootGroup section */

/* Begin PBXFrameworksBuildPhase section */
		1CFAE4DB2E3465FF00A0B9AE /* Frameworks */ = {
			isa = PBXFrameworksBuildPhase;
			buildActionMask = 2147483647;
			files = (
			);
			runOnlyForDeploymentPostprocessing = 0;
		};
/* End PBXFrameworksBuildPhase section */

/* Begin PBXGroup section */
		1C7D40272E394B5B00CEE348 /* View */ = {
			isa = PBXGroup;
			children = (
				1CFAE5032E346A2F00A0B9AE /* ExploreView.swift */,
				1CFAE50F2E34A55600A0B9AE /* SearchAndFilterBar.swift */,
				1CE931262E36714200CDEB85 /* DestinationSearchView.swift */,
			);
			path = View;
			sourceTree = "<group>";
		};
		1C7D40282E394B5E00CEE348 /* ViewModel */ = {
			isa = PBXGroup;
			children = (
				1C7D40532E394C1700CEE348 /* ExploreViewModel.swift */,
			);
			path = ViewModel;
			sourceTree = "<group>";
		};
		1C7D40292E394B6200CEE348 /* Service */ = {
			isa = PBXGroup;
			children = (
				1C7D40552E394D2100CEE348 /* ExploreService.swift */,
			);
			path = Service;
			sourceTree = "<group>";
		};
		1CE931322E37215100CDEB85 /* Model */ = {
			isa = PBXGroup;
			children = (
				1C7D3FE42E37D5A500CEE348 /* Listing.swift */,
			);
			path = Model;
			sourceTree = "<group>";
		};
		1CE931332E37217700CDEB85 /* View */ = {
			isa = PBXGroup;
			children = (
				1C7D3FE22E379CC200CEE348 /* ListingDetailView.swift */,
				1CFAE5052E3473C500A0B9AE /* ListingItemView.swift */,
			);
			path = View;
			sourceTree = "<group>";
		};
		1CFAE4D52E3465FF00A0B9AE = {
			isa = PBXGroup;
			children = (
				1CFAE4F82E34685800A0B9AE /* App */,
				1CFAE4FB2E3468B700A0B9AE /* Core */,
				1CFAE4FA2E34687A00A0B9AE /* Extensions */,
				1CFAE4F92E34686800A0B9AE /* Models */,
				1CFAE4F42E3467FF00A0B9AE /* Utils */,
				1CFAE4E02E3465FF00A0B9AE /* AirbnbClone */,
				1CFAE4DF2E3465FF00A0B9AE /* Products */,
			);
			sourceTree = "<group>";
		};
		1CFAE4DF2E3465FF00A0B9AE /* Products */ = {
			isa = PBXGroup;
			children = (
				1CFAE4DE2E3465FF00A0B9AE /* AirbnbClone.app */,
			);
			name = Products;
			sourceTree = "<group>";
		};
		1CFAE4F42E3467FF00A0B9AE /* Utils */ = {
			isa = PBXGroup;
			children = (
			);
			path = Utils;
			sourceTree = "<group>";
		};
		1CFAE4F82E34685800A0B9AE /* App */ = {
			isa = PBXGroup;
			children = (
			);
			path = App;
			sourceTree = "<group>";
		};
		1CFAE4F92E34686800A0B9AE /* Models */ = {
			isa = PBXGroup;
			children = (
			);
			path = Models;
			sourceTree = "<group>";
		};
		1CFAE4FA2E34687A00A0B9AE /* Extensions */ = {
			isa = PBXGroup;
			children = (
				1C7D3FE62E37E04100CEE348 /* DeveloperPreview.swift */,
				1C7D40572E3973A300CEE348 /* Regions.swift */,
			);
			path = Extensions;
			sourceTree = "<group>";
		};
		1CFAE4FB2E3468B700A0B9AE /* Core */ = {
			isa = PBXGroup;
			children = (
				1CFAE5152E3501A800A0B9AE /* Components */,
				1CFAE4FC2E3468F100A0B9AE /* Explore */,
				1CFAE4FD2E34690300A0B9AE /* Listings */,
				1CFAE4FE2E34691A00A0B9AE /* MapView */,
				1CFAE4FF2E34692D00A0B9AE /* Profile */,
				1CFAE5002E34693B00A0B9AE /* Root */,
				1CFAE5012E34695000A0B9AE /* TabBar */,
				1CFAE5022E34695A00A0B9AE /* Wishlists */,
			);
			path = Core;
			sourceTree = "<group>";
		};
		1CFAE4FC2E3468F100A0B9AE /* Explore */ = {
			isa = PBXGroup;
			children = (
				1C7D40292E394B6200CEE348 /* Service */,
				1C7D40282E394B5E00CEE348 /* ViewModel */,
				1C7D40272E394B5B00CEE348 /* View */,
			);
			path = Explore;
			sourceTree = "<group>";
		};
		1CFAE4FD2E34690300A0B9AE /* Listings */ = {
			isa = PBXGroup;
			children = (
				1CE931332E37217700CDEB85 /* View */,
				1CE931322E37215100CDEB85 /* Model */,
			);
			path = Listings;
			sourceTree = "<group>";
		};
		1CFAE4FE2E34691A00A0B9AE /* MapView */ = {
			isa = PBXGroup;
			children = (
			);
			path = MapView;
			sourceTree = "<group>";
		};
		1CFAE4FF2E34692D00A0B9AE /* Profile */ = {
			isa = PBXGroup;
			children = (
				1CE9312A2E36DE4200CDEB85 /* ProfileView.swift */,
				1CE9312C2E36E83A00CDEB85 /* ProfileOptionRowView.swift */,
			);
			path = Profile;
			sourceTree = "<group>";
		};
		1CFAE5002E34693B00A0B9AE /* Root */ = {
			isa = PBXGroup;
			children = (
			);
			path = Root;
			sourceTree = "<group>";
		};
		1CFAE5012E34695000A0B9AE /* TabBar */ = {
			isa = PBXGroup;
			children = (
				1CE931302E36EBA900CDEB85 /* MainTabView.swift */,
			);
			path = TabBar;
			sourceTree = "<group>";
		};
		1CFAE5022E34695A00A0B9AE /* Wishlists */ = {
			isa = PBXGroup;
			children = (
				1CE9312E2E36E99400CDEB85 /* WishlistView.swift */,
			);
			path = Wishlists;
			sourceTree = "<group>";
		};
		1CFAE5152E3501A800A0B9AE /* Components */ = {
			isa = PBXGroup;
			children = (
				1CFAE5162E3501C700A0B9AE /* ListingImageCarouselView.swift */,
			);
			path = Components;
			sourceTree = "<group>";
		};
/* End PBXGroup section */

/* Begin PBXNativeTarget section */
		1CFAE4DD2E3465FF00A0B9AE /* AirbnbClone */ = {
			isa = PBXNativeTarget;
			buildConfigurationList = 1CFAE4EC2E34660300A0B9AE /* Build configuration list for PBXNativeTarget "AirbnbClone" */;
			buildPhases = (
				1CFAE4DA2E3465FF00A0B9AE /* Sources */,
				1CFAE4DB2E3465FF00A0B9AE /* Frameworks */,
				1CFAE4DC2E3465FF00A0B9AE /* Resources */,
			);
			buildRules = (
			);
			dependencies = (
			);
			fileSystemSynchronizedGroups = (
				1CFAE4E02E3465FF00A0B9AE /* AirbnbClone */,
			);
			name = AirbnbClone;
			packageProductDependencies = (
			);
			productName = AirbnbClone;
			productReference = 1CFAE4DE2E3465FF00A0B9AE /* AirbnbClone.app */;
			productType = "com.apple.product-type.application";
		};
/* End PBXNativeTarget section */

/* Begin PBXProject section */
		1CFAE4D62E3465FF00A0B9AE /* Project object */ = {
			isa = PBXProject;
			attributes = {
				BuildIndependentTargetsInParallel = 1;
				LastSwiftUpdateCheck = 1610;
				LastUpgradeCheck = 1610;
				TargetAttributes = {
					1CFAE4DD2E3465FF00A0B9AE = {
						CreatedOnToolsVersion = 16.1;
					};
				};
			};
			buildConfigurationList = 1CFAE4D92E3465FF00A0B9AE /* Build configuration list for PBXProject "AirbnbClone" */;
			developmentRegion = en;
			hasScannedForEncodings = 0;
			knownRegions = (
				en,
				Base,
			);
			mainGroup = 1CFAE4D52E3465FF00A0B9AE;
			minimizedProjectReferenceProxies = 1;
			preferredProjectObjectVersion = 77;
			productRefGroup = 1CFAE4DF2E3465FF00A0B9AE /* Products */;
			projectDirPath = "";
			projectRoot = "";
			targets = (
				1CFAE4DD2E3465FF00A0B9AE /* AirbnbClone */,
			);
		};
/* End PBXProject section */

/* Begin PBXResourcesBuildPhase section */
		1CFAE4DC2E3465FF00A0B9AE /* Resources */ = {
			isa = PBXResourcesBuildPhase;
			buildActionMask = 2147483647;
			files = (
			);
			runOnlyForDeploymentPostprocessing = 0;
		};
/* End PBXResourcesBuildPhase section */

/* Begin PBXSourcesBuildPhase section */
		1CFAE4DA2E3465FF00A0B9AE /* Sources */ = {
			isa = PBXSourcesBuildPhase;
			buildActionMask = 2147483647;
			files = (
				1CFAE5172E3501C700A0B9AE /* ListingImageCarouselView.swift in Sources */,
				1CE9312B2E36DE4200CDEB85 /* ProfileView.swift in Sources */,
				1CE9312D2E36E83A00CDEB85 /* ProfileOptionRowView.swift in Sources */,
				1CE931272E36714200CDEB85 /* DestinationSearchView.swift in Sources */,
				1CFAE5062E3473C500A0B9AE /* ListingItemView.swift in Sources */,
				1C7D3FE52E37D5A500CEE348 /* Listing.swift in Sources */,
				1C7D40542E394C1700CEE348 /* ExploreViewModel.swift in Sources */,
				1C7D40582E3973A300CEE348 /* Regions.swift in Sources */,
				1CFAE5042E346A2F00A0B9AE /* ExploreView.swift in Sources */,
				1CFAE5102E34A55700A0B9AE /* SearchAndFilterBar.swift in Sources */,
				1CE9312F2E36E99400CDEB85 /* WishlistView.swift in Sources */,
				1C7D3FE32E379CC300CEE348 /* ListingDetailView.swift in Sources */,
				1CE931312E36EBA900CDEB85 /* MainTabView.swift in Sources */,
				1C7D3FE72E37E04100CEE348 /* DeveloperPreview.swift in Sources */,
				1C7D40562E394D2200CEE348 /* ExploreService.swift in Sources */,
			);
			runOnlyForDeploymentPostprocessing = 0;
		};
/* End PBXSourcesBuildPhase section */

/* Begin XCBuildConfiguration section */
		1CFAE4EA2E34660300A0B9AE /* Debug */ = {
			isa = XCBuildConfiguration;
			buildSettings = {
				ALWAYS_SEARCH_USER_PATHS = NO;
				ASSETCATALOG_COMPILER_GENERATE_SWIFT_ASSET_SYMBOL_EXTENSIONS = YES;
				CLANG_ANALYZER_NONNULL = YES;
				CLANG_ANALYZER_NUMBER_OBJECT_CONVERSION = YES_AGGRESSIVE;
				CLANG_CXX_LANGUAGE_STANDARD = "gnu++20";
				CLANG_ENABLE_MODULES = YES;
				CLANG_ENABLE_OBJC_ARC = YES;
				CLANG_ENABLE_OBJC_WEAK = YES;
				CLANG_WARN_BLOCK_CAPTURE_AUTORELEASING = YES;
				CLANG_WARN_BOOL_CONVERSION = YES;
				CLANG_WARN_COMMA = YES;
				CLANG_WARN_CONSTANT_CONVERSION = YES;
				CLANG_WARN_DEPRECATED_OBJC_IMPLEMENTATIONS = YES;
				CLANG_WARN_DIRECT_OBJC_ISA_USAGE = YES_ERROR;
				CLANG_WARN_DOCUMENTATION_COMMENTS = YES;
				CLANG_WARN_EMPTY_BODY = YES;
				CLANG_WARN_ENUM_CONVERSION = YES;
				CLANG_WARN_INFINITE_RECURSION = YES;
				CLANG_WARN_INT_CONVERSION = YES;
				CLANG_WARN_NON_LITERAL_NULL_CONVERSION = YES;
				CLANG_WARN_OBJC_IMPLICIT_RETAIN_SELF = YES;
				CLANG_WARN_OBJC_LITERAL_CONVERSION = YES;
				CLANG_WARN_OBJC_ROOT_CLASS = YES_ERROR;
				CLANG_WARN_QUOTED_INCLUDE_IN_FRAMEWORK_HEADER = YES;
				CLANG_WARN_RANGE_LOOP_ANALYSIS = YES;
				CLANG_WARN_STRICT_PROTOTYPES = YES;
				CLANG_WARN_SUSPICIOUS_MOVE = YES;
				CLANG_WARN_UNGUARDED_AVAILABILITY = YES_AGGRESSIVE;
				CLANG_WARN_UNREACHABLE_CODE = YES;
				CLANG_WARN__DUPLICATE_METHOD_MATCH = YES;
				COPY_PHASE_STRIP = NO;
				DEBUG_INFORMATION_FORMAT = dwarf;
				ENABLE_STRICT_OBJC_MSGSEND = YES;
				ENABLE_TESTABILITY = YES;
				ENABLE_USER_SCRIPT_SANDBOXING = YES;
				GCC_C_LANGUAGE_STANDARD = gnu17;
				GCC_DYNAMIC_NO_PIC = NO;
				GCC_NO_COMMON_BLOCKS = YES;
				GCC_OPTIMIZATION_LEVEL = 0;
				GCC_PREPROCESSOR_DEFINITIONS = (
					"DEBUG=1",
					"$(inherited)",
				);
				GCC_WARN_64_TO_32_BIT_CONVERSION = YES;
				GCC_WARN_ABOUT_RETURN_TYPE = YES_ERROR;
				GCC_WARN_UNDECLARED_SELECTOR = YES;
				GCC_WARN_UNINITIALIZED_AUTOS = YES_AGGRESSIVE;
				GCC_WARN_UNUSED_FUNCTION = YES;
				GCC_WARN_UNUSED_VARIABLE = YES;
				IPHONEOS_DEPLOYMENT_TARGET = 18.1;
				LOCALIZATION_PREFERS_STRING_CATALOGS = YES;
				MTL_ENABLE_DEBUG_INFO = INCLUDE_SOURCE;
				MTL_FAST_MATH = YES;
				ONLY_ACTIVE_ARCH = YES;
				SDKROOT = iphoneos;
				SWIFT_ACTIVE_COMPILATION_CONDITIONS = "DEBUG $(inherited)";
				SWIFT_OPTIMIZATION_LEVEL = "-Onone";
			};
			name = Debug;
		};
		1CFAE4EB2E34660300A0B9AE /* Release */ = {
			isa = XCBuildConfiguration;
			buildSettings = {
				ALWAYS_SEARCH_USER_PATHS = NO;
				ASSETCATALOG_COMPILER_GENERATE_SWIFT_ASSET_SYMBOL_EXTENSIONS = YES;
				CLANG_ANALYZER_NONNULL = YES;
				CLANG_ANALYZER_NUMBER_OBJECT_CONVERSION = YES_AGGRESSIVE;
				CLANG_CXX_LANGUAGE_STANDARD = "gnu++20";
				CLANG_ENABLE_MODULES = YES;
				CLANG_ENABLE_OBJC_ARC = YES;
				CLANG_ENABLE_OBJC_WEAK = YES;
				CLANG_WARN_BLOCK_CAPTURE_AUTORELEASING = YES;
				CLANG_WARN_BOOL_CONVERSION = YES;
				CLANG_WARN_COMMA = YES;
				CLANG_WARN_CONSTANT_CONVERSION = YES;
				CLANG_WARN_DEPRECATED_OBJC_IMPLEMENTATIONS = YES;
				CLANG_WARN_DIRECT_OBJC_ISA_USAGE = YES_ERROR;
				CLANG_WARN_DOCUMENTATION_COMMENTS = YES;
				CLANG_WARN_EMPTY_BODY = YES;
				CLANG_WARN_ENUM_CONVERSION = YES;
				CLANG_WARN_INFINITE_RECURSION = YES;
				CLANG_WARN_INT_CONVERSION = YES;
				CLANG_WARN_NON_LITERAL_NULL_CONVERSION = YES;
				CLANG_WARN_OBJC_IMPLICIT_RETAIN_SELF = YES;
				CLANG_WARN_OBJC_LITERAL_CONVERSION = YES;
				CLANG_WARN_OBJC_ROOT_CLASS = YES_ERROR;
				CLANG_WARN_QUOTED_INCLUDE_IN_FRAMEWORK_HEADER = YES;
				CLANG_WARN_RANGE_LOOP_ANALYSIS = YES;
				CLANG_WARN_STRICT_PROTOTYPES = YES;
				CLANG_WARN_SUSPICIOUS_MOVE = YES;
				CLANG_WARN_UNGUARDED_AVAILABILITY = YES_AGGRESSIVE;
				CLANG_WARN_UNREACHABLE_CODE = YES;
				CLANG_WARN__DUPLICATE_METHOD_MATCH = YES;
				COPY_PHASE_STRIP = NO;
				DEBUG_INFORMATION_FORMAT = "dwarf-with-dsym";
				ENABLE_NS_ASSERTIONS = NO;
				ENABLE_STRICT_OBJC_MSGSEND = YES;
				ENABLE_USER_SCRIPT_SANDBOXING = YES;
				GCC_C_LANGUAGE_STANDARD = gnu17;
				GCC_NO_COMMON_BLOCKS = YES;
				GCC_WARN_64_TO_32_BIT_CONVERSION = YES;
				GCC_WARN_ABOUT_RETURN_TYPE = YES_ERROR;
				GCC_WARN_UNDECLARED_SELECTOR = YES;
				GCC_WARN_UNINITIALIZED_AUTOS = YES_AGGRESSIVE;
				GCC_WARN_UNUSED_FUNCTION = YES;
				GCC_WARN_UNUSED_VARIABLE = YES;
				IPHONEOS_DEPLOYMENT_TARGET = 18.1;
				LOCALIZATION_PREFERS_STRING_CATALOGS = YES;
				MTL_ENABLE_DEBUG_INFO = NO;
				MTL_FAST_MATH = YES;
				SDKROOT = iphoneos;
				SWIFT_COMPILATION_MODE = wholemodule;
				VALIDATE_PRODUCT = YES;
			};
			name = Release;
		};
		1CFAE4ED2E34660300A0B9AE /* Debug */ = {
			isa = XCBuildConfiguration;
			buildSettings = {
				ASSETCATALOG_COMPILER_APPICON_NAME = AppIcon;
				ASSETCATALOG_COMPILER_GLOBAL_ACCENT_COLOR_NAME = AccentColor;
				CODE_SIGN_STYLE = Automatic;
				CURRENT_PROJECT_VERSION = 1;
				DEVELOPMENT_ASSET_PATHS = "\"AirbnbClone/Preview Content\"";
				ENABLE_PREVIEWS = YES;
				GENERATE_INFOPLIST_FILE = YES;
				INFOPLIST_KEY_UIApplicationSceneManifest_Generation = YES;
				INFOPLIST_KEY_UIApplicationSupportsIndirectInputEvents = YES;
				INFOPLIST_KEY_UILaunchScreen_Generation = YES;
				INFOPLIST_KEY_UISupportedInterfaceOrientations_iPad = "UIInterfaceOrientationPortrait UIInterfaceOrientationPortraitUpsideDown UIInterfaceOrientationLandscapeLeft UIInterfaceOrientationLandscapeRight";
				INFOPLIST_KEY_UISupportedInterfaceOrientations_iPhone = "UIInterfaceOrientationPortrait UIInterfaceOrientationLandscapeLeft UIInterfaceOrientationLandscapeRight";
				LD_RUNPATH_SEARCH_PATHS = (
					"$(inherited)",
					"@executable_path/Frameworks",
				);
				MARKETING_VERSION = 1.0;
				PRODUCT_BUNDLE_IDENTIFIER = Projects.AirbnbClone;
				PRODUCT_NAME = "$(TARGET_NAME)";
				SWIFT_EMIT_LOC_STRINGS = YES;
				SWIFT_VERSION = 5.0;
				TARGETED_DEVICE_FAMILY = "1,2";
			};
			name = Debug;
		};
		1CFAE4EE2E34660300A0B9AE /* Release */ = {
			isa = XCBuildConfiguration;
			buildSettings = {
				ASSETCATALOG_COMPILER_APPICON_NAME = AppIcon;
				ASSETCATALOG_COMPILER_GLOBAL_ACCENT_COLOR_NAME = AccentColor;
				CODE_SIGN_STYLE = Automatic;
				CURRENT_PROJECT_VERSION = 1;
				DEVELOPMENT_ASSET_PATHS = "\"AirbnbClone/Preview Content\"";
				ENABLE_PREVIEWS = YES;
				GENERATE_INFOPLIST_FILE = YES;
				INFOPLIST_KEY_UIApplicationSceneManifest_Generation = YES;
				INFOPLIST_KEY_UIApplicationSupportsIndirectInputEvents = YES;
				INFOPLIST_KEY_UILaunchScreen_Generation = YES;
				INFOPLIST_KEY_UISupportedInterfaceOrientations_iPad = "UIInterfaceOrientationPortrait UIInterfaceOrientationPortraitUpsideDown UIInterfaceOrientationLandscapeLeft UIInterfaceOrientationLandscapeRight";
				INFOPLIST_KEY_UISupportedInterfaceOrientations_iPhone = "UIInterfaceOrientationPortrait UIInterfaceOrientationLandscapeLeft UIInterfaceOrientationLandscapeRight";
				LD_RUNPATH_SEARCH_PATHS = (
					"$(inherited)",
					"@executable_path/Frameworks",
				);
				MARKETING_VERSION = 1.0;
				PRODUCT_BUNDLE_IDENTIFIER = Projects.AirbnbClone;
				PRODUCT_NAME = "$(TARGET_NAME)";
				SWIFT_EMIT_LOC_STRINGS = YES;
				SWIFT_VERSION = 5.0;
				TARGETED_DEVICE_FAMILY = "1,2";
			};
			name = Release;
		};
/* End XCBuildConfiguration section */

/* Begin XCConfigurationList section */
		1CFAE4D92E3465FF00A0B9AE /* Build configuration list for PBXProject "AirbnbClone" */ = {
			isa = XCConfigurationList;
			buildConfigurations = (
				1CFAE4EA2E34660300A0B9AE /* Debug */,
				1CFAE4EB2E34660300A0B9AE /* Release */,
			);
			defaultConfigurationIsVisible = 0;
			defaultConfigurationName = Release;
		};
		1CFAE4EC2E34660300A0B9AE /* Build configuration list for PBXNativeTarget "AirbnbClone" */ = {
			isa = XCConfigurationList;
			buildConfigurations = (
				1CFAE4ED2E34660300A0B9AE /* Debug */,
				1CFAE4EE2E34660300A0B9AE /* Release */,
			);
			defaultConfigurationIsVisible = 0;
			defaultConfigurationName = Release;
		};
/* End XCConfigurationList section */
	};
	rootObject = 1CFAE4D62E3465FF00A0B9AE /* Project object */;
}
